<?xml version="1.0" encoding="utf-8"?>
<Project ToolsVersion="4.0" xmlns="http://schemas.microsoft.com/developer/msbuild/2003">
  <ItemGroup>
    <Filter Include="Source Files">
      <UniqueIdentifier>{4FC737F1-C7A5-4376-A066-2A32D752A2FF}</UniqueIdentifier>
      <Extensions>cpp;c;cc;cxx;def;odl;idl;hpj;bat;asm;asmx</Extensions>
    </Filter>
    <Filter Include="Header Files">
      <UniqueIdentifier>{93995380-89BD-4b04-88EB-625FBE52EBFB}</UniqueIdentifier>
      <Extensions>h;hpp;hxx;hm;inl;inc;xsd</Extensions>
    </Filter>
    <Filter Include="Source Files\ConCur">
      <UniqueIdentifier>{54b925b2-5340-4435-8698-ad27821b6e63}</UniqueIdentifier>
    </Filter>
    <Filter Include="Source Files\OS">
      <UniqueIdentifier>{5e85e646-8bd3-4dd2-9006-6c86b912b70a}</UniqueIdentifier>
    </Filter>
    <Filter Include="Source Files\DuctTape">
      <UniqueIdentifier>{0a4e38c7-693d-4325-aced-166321117537}</UniqueIdentifier>
    </Filter>
    <Filter Include="Source Files\OS\Junk">
      <UniqueIdentifier>{da56c94b-c50d-47c9-b401-25e8f64f565f}</UniqueIdentifier>
    </Filter>
  </ItemGroup>
  <ItemGroup>
    <ClInclude Include="stdafx.h">
      <Filter>Header Files</Filter>
    </ClInclude>
    <ClInclude Include="InitConsole.h">
      <Filter>Header Files</Filter>
    </ClInclude>
    <ClInclude Include="DuctTape.h">
      <Filter>Source Files\DuctTape</Filter>
    </ClInclude>
    <ClInclude Include="StackWalker.h">
      <Filter>Source Files\DuctTape</Filter>
    </ClInclude>
  </ItemGroup>
  <ItemGroup>
    <ClCompile Include="WinG_Main.cpp">
      <Filter>Source Files</Filter>
    </ClCompile>
    <ClCompile Include="Thread.cpp">
      <Filter>Source Files\ConCur</Filter>
    </ClCompile>
    <ClCompile Include="Window.cpp">
      <Filter>Source Files\OS</Filter>
    </ClCompile>
    <ClCompile Include="TaskQ.cpp">
      <Filter>Source Files\ConCur</Filter>
    </ClCompile>
    <ClCompile Include="InitConsole.cpp">
      <Filter>Source Files\OS</Filter>
    </ClCompile>
    <ClCompile Include="DuctTape.cpp">
      <Filter>Source Files\DuctTape</Filter>
    </ClCompile>
    <ClCompile Include="CritSec.cpp">
      <Filter>Source Files\ConCur</Filter>
    </ClCompile>
    <ClCompile Include="DebugOutput.cpp">
      <Filter>Source Files\OS\Junk</Filter>
    </ClCompile>
  </ItemGroup>
</Project>