<?xml version="1.0" encoding="utf-8"?>
<Project ToolsVersion="4.0" xmlns="http://schemas.microsoft.com/developer/msbuild/2003">
  <ItemGroup>
    <Filter Include="Source Files">
      <UniqueIdentifier>{4FC737F1-C7A5-4376-A066-2A32D752A2FF}</UniqueIdentifier>
      <Extensions>cpp;c;cc;cxx;def;odl;idl;hpj;bat;asm;asmx</Extensions>
    </Filter>
    <Filter Include="Header Files">
      <UniqueIdentifier>{93995380-89BD-4b04-88EB-625FBE52EBFB}</UniqueIdentifier>
      <Extensions>h;hpp;hxx;hm;inl;inc;xsd</Extensions>
    </Filter>
    <Filter Include="Header Files\inc">
      <UniqueIdentifier>{2eea500b-5746-48da-aa90-73fe0c5b43e4}</UniqueIdentifier>
    </Filter>
    <Filter Include="Header Files\inc\Basic">
      <UniqueIdentifier>{d7d5d0b7-ad7a-49f6-acea-496128e38ad8}</UniqueIdentifier>
    </Filter>
    <Filter Include="Header Files\inc\Concur">
      <UniqueIdentifier>{26c9633a-b0f0-44b2-a7dc-9671b7609670}</UniqueIdentifier>
    </Filter>
    <Filter Include="Header Files\inc\Org">
      <UniqueIdentifier>{558eedcd-1851-4af7-8ca4-59cca2d3acbb}</UniqueIdentifier>
    </Filter>
    <Filter Include="Header Files\inc\Dis">
      <UniqueIdentifier>{5b3e04c1-d0b9-4dc7-8cae-b4ac97211f05}</UniqueIdentifier>
    </Filter>
    <Filter Include="Header Files\inc\OS">
      <UniqueIdentifier>{26dea1d5-5870-44ba-830e-a08e40cf2218}</UniqueIdentifier>
    </Filter>
    <Filter Include="Header Files\inc\Math">
      <UniqueIdentifier>{dceb49d9-5927-4923-8c75-7fa4ded2f126}</UniqueIdentifier>
    </Filter>
    <Filter Include="Header Files\inc\String">
      <UniqueIdentifier>{309d3f80-e282-4bfa-a804-0ed0d1fe6b25}</UniqueIdentifier>
    </Filter>
    <Filter Include="Header Files\inc\Scene2">
      <UniqueIdentifier>{bfb9f330-667d-4811-9975-833c68343b51}</UniqueIdentifier>
    </Filter>
    <Filter Include="Source Files\Scene2">
      <UniqueIdentifier>{5fe96ca2-f528-4667-b5c7-ab239a5bef49}</UniqueIdentifier>
    </Filter>
    <Filter Include="Header Files\inc\JUI">
      <UniqueIdentifier>{7e0bfdfb-270f-4d6f-9edc-e6f9ce14d03a}</UniqueIdentifier>
    </Filter>
    <Filter Include="Source Files\JUI">
      <UniqueIdentifier>{1c1d3cd0-a305-44db-987a-1361e1f65eb6}</UniqueIdentifier>
    </Filter>
    <Filter Include="Source Files\Dis">
      <UniqueIdentifier>{00e9f277-11f5-40c8-96be-a965ae9d0729}</UniqueIdentifier>
    </Filter>
    <Filter Include="Header Files\inc\Scene3">
      <UniqueIdentifier>{39fdbcd5-aa64-4b1a-b4e1-498a5bf82cf4}</UniqueIdentifier>
    </Filter>
    <Filter Include="Source Files\Scene3">
      <UniqueIdentifier>{d4e4574d-adff-4b56-9c5f-f8e8fd7ee358}</UniqueIdentifier>
    </Filter>
    <Filter Include="Header Files\inc\Resource">
      <UniqueIdentifier>{8773f6ab-f112-46ac-b64c-537236724766}</UniqueIdentifier>
    </Filter>
    <Filter Include="Source Files\Simplex">
      <UniqueIdentifier>{1932714c-4e74-4725-b685-9cd0848485df}</UniqueIdentifier>
    </Filter>
    <Filter Include="Source Files\Util">
      <UniqueIdentifier>{151cbb98-a15d-45d5-ace8-4bd2124b1369}</UniqueIdentifier>
    </Filter>
  </ItemGroup>
  <ItemGroup>
    <ClInclude Include="stdafx.h">
      <Filter>Header Files</Filter>
    </ClInclude>
    <ClInclude Include="..\Config_Glob.h">
      <Filter>Header Files</Filter>
    </ClInclude>
    <ClInclude Include="Common_Internal.h">
      <Filter>Header Files</Filter>
    </ClInclude>
    <ClInclude Include="Main_internal.h">
      <Filter>Header Files</Filter>
    </ClInclude>
    <ClInclude Include="..\..\inc\Gem\Basic.h">
      <Filter>Header Files\inc\Basic</Filter>
    </ClInclude>
    <ClInclude Include="..\..\inc\Gem\Org\Ary.h">
      <Filter>Header Files\inc\Org</Filter>
    </ClInclude>
    <ClInclude Include="..\..\inc\Gem\Math\Quaternion.h">
      <Filter>Header Files\inc\Math</Filter>
    </ClInclude>
    <ClInclude Include="..\..\inc\Gem\Math\Vec2.h">
      <Filter>Header Files\inc\Math</Filter>
    </ClInclude>
    <ClInclude Include="..\..\inc\Gem\Math\Vec3.h">
      <Filter>Header Files\inc\Math</Filter>
    </ClInclude>
    <ClInclude Include="..\..\inc\Gem\Math\Matrix3.h">
      <Filter>Header Files\inc\Math</Filter>
    </ClInclude>
    <ClInclude Include="..\..\inc\Gem\Org\ObjRefAry.h">
      <Filter>Header Files\inc\Org</Filter>
    </ClInclude>
    <ClInclude Include="..\..\inc\Gem\Basic\Math.h">
      <Filter>Header Files\inc\Basic</Filter>
    </ClInclude>
    <ClInclude Include="..\..\inc\Gem\Basic\Tuple.h">
      <Filter>Header Files\inc\Basic</Filter>
    </ClInclude>
    <ClInclude Include="..\..\inc\Gem\Basic\Singleton.h">
      <Filter>Header Files\inc\Basic</Filter>
    </ClInclude>
    <ClInclude Include="..\..\inc\Gem\Main.h">
      <Filter>Header Files\inc</Filter>
    </ClInclude>
    <ClInclude Include="..\..\inc\Gem\MainWindow.h">
      <Filter>Header Files\inc</Filter>
    </ClInclude>
    <ClInclude Include="..\..\inc\Gem\OS\Window.h">
      <Filter>Header Files\inc\OS</Filter>
    </ClInclude>
    <ClInclude Include="..\..\inc\Gem\Org\sList.h">
      <Filter>Header Files\inc\Org</Filter>
    </ClInclude>
    <ClInclude Include="..\..\inc\Gem\Dis\RenderTarget.h">
      <Filter>Header Files\inc\Dis</Filter>
    </ClInclude>
    <ClInclude Include="..\..\inc\Gem\ConCur\Thread.h">
      <Filter>Header Files\inc\Concur</Filter>
    </ClInclude>
    <ClInclude Include="..\..\inc\Gem\ConCur\TaskQ.h">
      <Filter>Header Files\inc\Concur</Filter>
    </ClInclude>
    <ClInclude Include="..\..\inc\Gem\String\WStr.h">
      <Filter>Header Files\inc\String</Filter>
    </ClInclude>
    <ClInclude Include="..\..\inc\Gem\ConCur\CritSec.h">
      <Filter>Header Files\inc\Concur</Filter>
    </ClInclude>
    <ClInclude Include="..\..\inc\Gem\String\StrParser.h">
      <Filter>Header Files\inc\String</Filter>
    </ClInclude>
    <ClInclude Include="..\..\inc\Gem\String\StrStream.h">
      <Filter>Header Files\inc\String</Filter>
    </ClInclude>
    <ClInclude Include="..\..\inc\Gem\String\CStr.h">
      <Filter>Header Files\inc\String</Filter>
    </ClInclude>
    <ClInclude Include="..\..\inc\Gem\String\DStr.h">
      <Filter>Header Files\inc\String</Filter>
    </ClInclude>
    <ClInclude Include="..\..\inc\Gem\String\StringTemplate.h">
      <Filter>Header Files\inc\String</Filter>
    </ClInclude>
    <ClInclude Include="..\..\inc\Gem\String\DebugOutput.h">
      <Filter>Header Files\inc\String</Filter>
    </ClInclude>
    <ClInclude Include="..\..\inc\Gem\Dis\MainTarget.h">
      <Filter>Header Files\inc\Dis</Filter>
    </ClInclude>
    <ClInclude Include="..\..\inc\Gem\Dis\Camera.h">
      <Filter>Header Files\inc\Dis</Filter>
    </ClInclude>
    <ClInclude Include="..\..\inc\Gem\Math\Rect.h">
      <Filter>Header Files\inc\Math</Filter>
    </ClInclude>
    <ClInclude Include="..\..\inc\Gem\Org\dlist.h">
      <Filter>Header Files\inc\Org</Filter>
    </ClInclude>
    <ClInclude Include="..\..\inc\Gem\Scene2\Sprite.h">
      <Filter>Header Files\inc\Scene2</Filter>
    </ClInclude>
    <ClInclude Include="..\..\inc\Gem\Scene2\Camera.h">
      <Filter>Header Files\inc\Scene2</Filter>
    </ClInclude>
    <ClInclude Include="..\..\inc\Gem\Scene2\Scene.h">
      <Filter>Header Files\inc\Scene2</Filter>
    </ClInclude>
    <ClInclude Include="..\..\inc\Gem\Org\msgQ.h">
      <Filter>Header Files\inc\Org</Filter>
    </ClInclude>
    <ClInclude Include="..\..\inc\Gem\ConCur\ConCur.h">
      <Filter>Header Files\inc\Concur</Filter>
    </ClInclude>
    <ClInclude Include="..\..\inc\Gem\Scene2\Texture.h">
      <Filter>Header Files\inc\Scene2</Filter>
    </ClInclude>
    <ClInclude Include="..\..\inc\Gem\Dis\Texture.h">
      <Filter>Header Files\inc\Dis</Filter>
    </ClInclude>
    <ClInclude Include="..\..\inc\Gem\JUI\InputGroup.h">
      <Filter>Header Files\inc\JUI</Filter>
    </ClInclude>
    <ClInclude Include="..\JUI\JUI_Main.h">
      <Filter>Source Files\JUI</Filter>
    </ClInclude>
    <ClInclude Include="..\..\inc\Gem\Dis\DrawList.h">
      <Filter>Header Files\inc\Dis</Filter>
    </ClInclude>
    <ClInclude Include="..\..\inc\Gem\JUI\JUI.h">
      <Filter>Header Files\inc\JUI</Filter>
    </ClInclude>
    <ClInclude Include="..\..\inc\Gem\OS\Time.h">
      <Filter>Header Files\inc\OS</Filter>
    </ClInclude>
    <ClInclude Include="..\..\inc\Gem\Math\Matrix2x3.h">
      <Filter>Header Files\inc\Math</Filter>
    </ClInclude>
    <ClInclude Include="..\..\inc\Gem\Dis\RenderState.h">
      <Filter>Header Files\inc\Dis</Filter>
    </ClInclude>
    <ClInclude Include="..\..\inc\Gem\Dis\DisMain.h">
      <Filter>Header Files\inc\Dis</Filter>
    </ClInclude>
    <ClInclude Include="..\..\inc\Gem\Math\Matrix4.h">
      <Filter>Header Files\inc\Math</Filter>
    </ClInclude>
    <ClInclude Include="..\..\inc\Gem\Math\Vec4.h">
      <Filter>Header Files\inc\Math</Filter>
    </ClInclude>
    <ClInclude Include="..\..\inc\Gem\Scene3\Camera.h">
      <Filter>Header Files\inc\Scene3</Filter>
    </ClInclude>
    <ClInclude Include="..\..\inc\Gem\Scene3\Scene.h">
      <Filter>Header Files\inc\Scene3</Filter>
    </ClInclude>
    <ClInclude Include="..\..\inc\Gem\Scene3\Texture.h">
      <Filter>Header Files\inc\Scene3</Filter>
    </ClInclude>
    <ClInclude Include="..\..\inc\Gem\Scene3\TestObj.h">
      <Filter>Header Files\inc\Scene3</Filter>
    </ClInclude>
    <ClInclude Include="..\..\inc\Gem\Math\Matrix3x4.h">
      <Filter>Header Files\inc\Math</Filter>
    </ClInclude>
    <ClInclude Include="..\..\inc\Gem\Resource\Resource.h">
      <Filter>Header Files\inc\Resource</Filter>
    </ClInclude>
    <ClInclude Include="..\..\inc\Gem\Resource\ResMan.h">
      <Filter>Header Files\inc\Resource</Filter>
    </ClInclude>
    <ClInclude Include="..\..\inc\Gem\Org\TemplateCmpnt.h">
      <Filter>Header Files\inc\Org</Filter>
    </ClInclude>
    <ClInclude Include="..\..\inc\Gem\Scene3\Mesh.h">
      <Filter>Header Files\inc\Scene3</Filter>
    </ClInclude>
    <ClInclude Include="..\..\inc\Gem\Dis\Mesh.h">
      <Filter>Header Files\inc\Dis</Filter>
    </ClInclude>
    <ClInclude Include="..\..\inc\Gem\Scene3\Passive.h">
      <Filter>Header Files\inc\Scene3</Filter>
    </ClInclude>
    <ClInclude Include="..\..\inc\Gem\Dis\ShaderProg.h">
      <Filter>Header Files\inc\Dis</Filter>
    </ClInclude>
    <ClInclude Include="..\..\inc\Gem\Math\Randomizer.h">
      <Filter>Header Files\inc\Math</Filter>
    </ClInclude>
    <ClInclude Include="..\procedural\simplexnoise.h">
      <Filter>Source Files\Simplex</Filter>
    </ClInclude>
    <ClInclude Include="..\..\inc\Gem\Scene3\Planet.h">
      <Filter>Header Files\inc\Scene3</Filter>
    </ClInclude>
    <ClInclude Include="..\..\inc\Gem\Scene3\Material.h">
      <Filter>Header Files\inc\Scene3</Filter>
    </ClInclude>
    <ClInclude Include="..\..\inc\Gem\ConCur\WorkHost.h">
      <Filter>Header Files\inc\Concur</Filter>
    </ClInclude>
    <ClInclude Include="..\..\inc\Gem\ConCur\RefCounter.h">
      <Filter>Header Files\inc\Concur</Filter>
    </ClInclude>
    <ClInclude Include="..\..\inc\Gem\ConCur\Atomic.h">
      <Filter>Header Files\inc\Concur</Filter>
    </ClInclude>
  </ItemGroup>
  <ItemGroup>
    <ClCompile Include="Gem_Main.cpp">
      <Filter>Source Files</Filter>
    </ClCompile>
    <ClCompile Include="MainWindow.cpp">
      <Filter>Source Files</Filter>
    </ClCompile>
    <ClCompile Include="..\JUI\JUI.cpp">
      <Filter>Source Files\JUI</Filter>
    </ClCompile>
    <ClCompile Include="..\Dis\Dis_Main.cpp">
      <Filter>Source Files\Dis</Filter>
    </ClCompile>
    <ClCompile Include="Scene2\Scene2.cpp">
      <Filter>Source Files\Scene2</Filter>
    </ClCompile>
    <ClCompile Include="Scene3\Scene3.cpp">
      <Filter>Source Files\Scene3</Filter>
    </ClCompile>
    <ClCompile Include="..\procedural\simplexnoise.cpp">
      <Filter>Source Files\Simplex</Filter>
    </ClCompile>
    <ClCompile Include="Util\WorkHost.cpp">
      <Filter>Source Files\Util</Filter>
    </ClCompile>
    <ClCompile Include="String.cpp">
      <Filter>Source Files\Util</Filter>
    </ClCompile>
    <ClCompile Include="Util\Resource.cpp">
      <Filter>Source Files\Util</Filter>
    </ClCompile>
  </ItemGroup>
</Project>